// !$*UTF8*$!
{
	archiveVersion = 1;
	classes = {
	};
	objectVersion = 55;
	objects = {

/* Begin PBXBuildFile section */
		E21D41E827BCE7F700161C7C /* SlidersEffect.swift in Sources */ = {isa = PBXBuildFile; fileRef = E21D41E727BCE7F700161C7C /* SlidersEffect.swift */; };
		E2492B3C27C3A0AD00A27C84 /* AEManagerButtonsSliders.swift in Sources */ = {isa = PBXBuildFile; fileRef = E2492B3B27C3A0AD00A27C84 /* AEManagerButtonsSliders.swift */; };
		E2492B3E27C3A17000A27C84 /* AESetupEngine.swift in Sources */ = {isa = PBXBuildFile; fileRef = E2492B3D27C3A17000A27C84 /* AESetupEngine.swift */; };
		E2492B4227C3A40C00A27C84 /* NodeTableViewCell.swift in Sources */ = {isa = PBXBuildFile; fileRef = E2492B4127C3A40C00A27C84 /* NodeTableViewCell.swift */; };
		E24A8A1A27AAAD64008B297E /* AppDelegate.swift in Sources */ = {isa = PBXBuildFile; fileRef = E24A8A1927AAAD64008B297E /* AppDelegate.swift */; };
		E24A8A1C27AAAD64008B297E /* SceneDelegate.swift in Sources */ = {isa = PBXBuildFile; fileRef = E24A8A1B27AAAD64008B297E /* SceneDelegate.swift */; };
		E24A8A2127AAAD64008B297E /* Main.storyboard in Resources */ = {isa = PBXBuildFile; fileRef = E24A8A1F27AAAD64008B297E /* Main.storyboard */; };
		E24A8A2327AAAD66008B297E /* Assets.xcassets in Resources */ = {isa = PBXBuildFile; fileRef = E24A8A2227AAAD66008B297E /* Assets.xcassets */; };
		E24A8A2627AAAD66008B297E /* LaunchScreen.storyboard in Resources */ = {isa = PBXBuildFile; fileRef = E24A8A2427AAAD66008B297E /* LaunchScreen.storyboard */; };
		E24A8A2E27AAAFA8008B297E /* AudioEngineViewController.swift in Sources */ = {isa = PBXBuildFile; fileRef = E24A8A2D27AAAFA8008B297E /* AudioEngineViewController.swift */; };
		E24A8A3027AABB35008B297E /* Scott Buckley - Life In Silico.mp3 in Resources */ = {isa = PBXBuildFile; fileRef = E24A8A2F27AABB35008B297E /* Scott Buckley - Life In Silico.mp3 */; };
		E252CDDA27BAAE7700318B20 /* Setting.swift in Sources */ = {isa = PBXBuildFile; fileRef = E252CDD927BAAE7700318B20 /* Setting.swift */; };
		E252CDDC27BAB16900318B20 /* ButtonEffectView.swift in Sources */ = {isa = PBXBuildFile; fileRef = E252CDDB27BAB16900318B20 /* ButtonEffectView.swift */; };
		E25F838E27C4EB3300E95ACB /* AETableViewDataSource.swift in Sources */ = {isa = PBXBuildFile; fileRef = E25F838D27C4EB3300E95ACB /* AETableViewDataSource.swift */; };
		E25F839027C4EB7F00E95ACB /* AENodeTableViewCellDelegate.swift in Sources */ = {isa = PBXBuildFile; fileRef = E25F838F27C4EB7F00E95ACB /* AENodeTableViewCellDelegate.swift */; };
		E2B7EDB927BE4CD600A83EA0 /* otbivka.mp3 in Resources */ = {isa = PBXBuildFile; fileRef = E2B7EDB827BE4CD600A83EA0 /* otbivka.mp3 */; };
		E2B7EDBC27BE4DAE00A83EA0 /* AESetupView.swift in Sources */ = {isa = PBXBuildFile; fileRef = E2B7EDBB27BE4DAE00A83EA0 /* AESetupView.swift */; };
		E2B7EDBE27BFF8A700A83EA0 /* ButtonsEffect.swift in Sources */ = {isa = PBXBuildFile; fileRef = E2B7EDBD27BFF8A700A83EA0 /* ButtonsEffect.swift */; };
		E2B7EDC027BFFA5F00A83EA0 /* DataSongs.swift in Sources */ = {isa = PBXBuildFile; fileRef = E2B7EDBF27BFFA5F00A83EA0 /* DataSongs.swift */; };
		E2B7EDC227C0131B00A83EA0 /* ButtonsEditor.swift in Sources */ = {isa = PBXBuildFile; fileRef = E2B7EDC127C0131B00A83EA0 /* ButtonsEditor.swift */; };
		E2B7EDC427C014E800A83EA0 /* ButtonEditorView.swift in Sources */ = {isa = PBXBuildFile; fileRef = E2B7EDC327C014E800A83EA0 /* ButtonEditorView.swift */; };
		E2F61F5E27B7F99E006D6A7A /* 01 The St. Louis Blues.m4a in Resources */ = {isa = PBXBuildFile; fileRef = E2F61F5D27B7F99E006D6A7A /* 01 The St. Louis Blues.m4a */; };
		E2F61F6527B7FB0D006D6A7A /* Songs.swift in Sources */ = {isa = PBXBuildFile; fileRef = E2F61F6427B7FB0D006D6A7A /* Songs.swift */; };
		E2F61F6927B923C7006D6A7A /* ButtonPlayerView.swift in Sources */ = {isa = PBXBuildFile; fileRef = E2F61F6827B923C7006D6A7A /* ButtonPlayerView.swift */; };
		E2F61F6B27B926CD006D6A7A /* ButtonsPlayer.swift in Sources */ = {isa = PBXBuildFile; fileRef = E2F61F6A27B926CD006D6A7A /* ButtonsPlayer.swift */; };
		E2F61F6E27B98675006D6A7A /* SliderEffectView.swift in Sources */ = {isa = PBXBuildFile; fileRef = E2F61F6D27B98675006D6A7A /* SliderEffectView.swift */; };
/* End PBXBuildFile section */

/* Begin PBXFileReference section */
		E21D41E727BCE7F700161C7C /* SlidersEffect.swift */ = {isa = PBXFileReference; lastKnownFileType = sourcecode.swift; path = SlidersEffect.swift; sourceTree = "<group>"; };
		E2492B3B27C3A0AD00A27C84 /* AEManagerButtonsSliders.swift */ = {isa = PBXFileReference; lastKnownFileType = sourcecode.swift; path = AEManagerButtonsSliders.swift; sourceTree = "<group>"; };
		E2492B3D27C3A17000A27C84 /* AESetupEngine.swift */ = {isa = PBXFileReference; lastKnownFileType = sourcecode.swift; path = AESetupEngine.swift; sourceTree = "<group>"; };
		E2492B4127C3A40C00A27C84 /* NodeTableViewCell.swift */ = {isa = PBXFileReference; lastKnownFileType = sourcecode.swift; path = NodeTableViewCell.swift; sourceTree = "<group>"; };
		E24A8A1627AAAD64008B297E /* AudioEngine.app */ = {isa = PBXFileReference; explicitFileType = wrapper.application; includeInIndex = 0; path = AudioEngine.app; sourceTree = BUILT_PRODUCTS_DIR; };
		E24A8A1927AAAD64008B297E /* AppDelegate.swift */ = {isa = PBXFileReference; lastKnownFileType = sourcecode.swift; path = AppDelegate.swift; sourceTree = "<group>"; };
		E24A8A1B27AAAD64008B297E /* SceneDelegate.swift */ = {isa = PBXFileReference; lastKnownFileType = sourcecode.swift; path = SceneDelegate.swift; sourceTree = "<group>"; };
		E24A8A2027AAAD64008B297E /* Base */ = {isa = PBXFileReference; lastKnownFileType = file.storyboard; name = Base; path = Base.lproj/Main.storyboard; sourceTree = "<group>"; };
		E24A8A2227AAAD66008B297E /* Assets.xcassets */ = {isa = PBXFileReference; lastKnownFileType = folder.assetcatalog; path = Assets.xcassets; sourceTree = "<group>"; };
		E24A8A2527AAAD66008B297E /* Base */ = {isa = PBXFileReference; lastKnownFileType = file.storyboard; name = Base; path = Base.lproj/LaunchScreen.storyboard; sourceTree = "<group>"; };
		E24A8A2727AAAD66008B297E /* Info.plist */ = {isa = PBXFileReference; lastKnownFileType = text.plist.xml; path = Info.plist; sourceTree = "<group>"; };
		E24A8A2D27AAAFA8008B297E /* AudioEngineViewController.swift */ = {isa = PBXFileReference; lastKnownFileType = sourcecode.swift; path = AudioEngineViewController.swift; sourceTree = "<group>"; };
		E24A8A2F27AABB35008B297E /* Scott Buckley - Life In Silico.mp3 */ = {isa = PBXFileReference; lastKnownFileType = audio.mp3; path = "Scott Buckley - Life In Silico.mp3"; sourceTree = "<group>"; };
		E252CDD927BAAE7700318B20 /* Setting.swift */ = {isa = PBXFileReference; lastKnownFileType = sourcecode.swift; path = Setting.swift; sourceTree = "<group>"; };
		E252CDDB27BAB16900318B20 /* ButtonEffectView.swift */ = {isa = PBXFileReference; lastKnownFileType = sourcecode.swift; path = ButtonEffectView.swift; sourceTree = "<group>"; };
		E25F838D27C4EB3300E95ACB /* AETableViewDataSource.swift */ = {isa = PBXFileReference; lastKnownFileType = sourcecode.swift; path = AETableViewDataSource.swift; sourceTree = "<group>"; };
		E25F838F27C4EB7F00E95ACB /* AENodeTableViewCellDelegate.swift */ = {isa = PBXFileReference; lastKnownFileType = sourcecode.swift; path = AENodeTableViewCellDelegate.swift; sourceTree = "<group>"; };
		E2B7EDB827BE4CD600A83EA0 /* otbivka.mp3 */ = {isa = PBXFileReference; lastKnownFileType = audio.mp3; path = otbivka.mp3; sourceTree = "<group>"; };
		E2B7EDBB27BE4DAE00A83EA0 /* AESetupView.swift */ = {isa = PBXFileReference; lastKnownFileType = sourcecode.swift; path = AESetupView.swift; sourceTree = "<group>"; };
		E2B7EDBD27BFF8A700A83EA0 /* ButtonsEffect.swift */ = {isa = PBXFileReference; lastKnownFileType = sourcecode.swift; path = ButtonsEffect.swift; sourceTree = "<group>"; };
		E2B7EDBF27BFFA5F00A83EA0 /* DataSongs.swift */ = {isa = PBXFileReference; lastKnownFileType = sourcecode.swift; path = DataSongs.swift; sourceTree = "<group>"; };
		E2B7EDC127C0131B00A83EA0 /* ButtonsEditor.swift */ = {isa = PBXFileReference; lastKnownFileType = sourcecode.swift; path = ButtonsEditor.swift; sourceTree = "<group>"; };
		E2B7EDC327C014E800A83EA0 /* ButtonEditorView.swift */ = {isa = PBXFileReference; lastKnownFileType = sourcecode.swift; path = ButtonEditorView.swift; sourceTree = "<group>"; };
		E2F61F5D27B7F99E006D6A7A /* 01 The St. Louis Blues.m4a */ = {isa = PBXFileReference; lastKnownFileType = file; path = "01 The St. Louis Blues.m4a"; sourceTree = "<group>"; };
		E2F61F6427B7FB0D006D6A7A /* Songs.swift */ = {isa = PBXFileReference; lastKnownFileType = sourcecode.swift; path = Songs.swift; sourceTree = "<group>"; };
		E2F61F6827B923C7006D6A7A /* ButtonPlayerView.swift */ = {isa = PBXFileReference; lastKnownFileType = sourcecode.swift; path = ButtonPlayerView.swift; sourceTree = "<group>"; };
		E2F61F6A27B926CD006D6A7A /* ButtonsPlayer.swift */ = {isa = PBXFileReference; lastKnownFileType = sourcecode.swift; path = ButtonsPlayer.swift; sourceTree = "<group>"; };
		E2F61F6D27B98675006D6A7A /* SliderEffectView.swift */ = {isa = PBXFileReference; lastKnownFileType = sourcecode.swift; path = SliderEffectView.swift; sourceTree = "<group>"; };
/* End PBXFileReference section */

/* Begin PBXFrameworksBuildPhase section */
		E24A8A1327AAAD64008B297E /* Frameworks */ = {
			isa = PBXFrameworksBuildPhase;
			buildActionMask = 2147483647;
			files = (
			);
			runOnlyForDeploymentPostprocessing = 0;
		};
/* End PBXFrameworksBuildPhase section */

/* Begin PBXGroup section */
		E24A8A0D27AAAD64008B297E = {
			isa = PBXGroup;
			children = (
				E24A8A1827AAAD64008B297E /* AudioEngine */,
				E24A8A1727AAAD64008B297E /* Products */,
			);
			sourceTree = "<group>";
		};
		E24A8A1727AAAD64008B297E /* Products */ = {
			isa = PBXGroup;
			children = (
				E24A8A1627AAAD64008B297E /* AudioEngine.app */,
			);
			name = Products;
			sourceTree = "<group>";
		};
		E24A8A1827AAAD64008B297E /* AudioEngine */ = {
			isa = PBXGroup;
			children = (
				E2F61F6127B7F9F9006D6A7A /* ViewControllers */,
				E2F61F6C27B9862F006D6A7A /* View */,
				E2F61F6327B7FADD006D6A7A /* Model */,
				E2F61F6227B7FA20006D6A7A /* Services */,
				E2F61F6027B7F9D2006D6A7A /* Files */,
				E2F61F5F27B7F9B8006D6A7A /* Storyboards */,
			);
			path = AudioEngine;
			sourceTree = "<group>";
		};
		E2B7EDBA27BE4D6C00A83EA0 /* ExtensionAudioEngine */ = {
			isa = PBXGroup;
			children = (
				E2B7EDBB27BE4DAE00A83EA0 /* AESetupView.swift */,
				E2492B3D27C3A17000A27C84 /* AESetupEngine.swift */,
				E2492B3B27C3A0AD00A27C84 /* AEManagerButtonsSliders.swift */,
				E25F838D27C4EB3300E95ACB /* AETableViewDataSource.swift */,
				E25F838F27C4EB7F00E95ACB /* AENodeTableViewCellDelegate.swift */,
			);
			path = ExtensionAudioEngine;
			sourceTree = "<group>";
		};
		E2F61F5F27B7F9B8006D6A7A /* Storyboards */ = {
			isa = PBXGroup;
			children = (
				E24A8A2427AAAD66008B297E /* LaunchScreen.storyboard */,
				E24A8A1F27AAAD64008B297E /* Main.storyboard */,
			);
			path = Storyboards;
			sourceTree = "<group>";
		};
		E2F61F6027B7F9D2006D6A7A /* Files */ = {
			isa = PBXGroup;
			children = (
				E24A8A2227AAAD66008B297E /* Assets.xcassets */,
				E24A8A2F27AABB35008B297E /* Scott Buckley - Life In Silico.mp3 */,
				E2F61F5D27B7F99E006D6A7A /* 01 The St. Louis Blues.m4a */,
				E2B7EDB827BE4CD600A83EA0 /* otbivka.mp3 */,
			);
			path = Files;
			sourceTree = "<group>";
		};
		E2F61F6127B7F9F9006D6A7A /* ViewControllers */ = {
			isa = PBXGroup;
			children = (
				E24A8A2D27AAAFA8008B297E /* AudioEngineViewController.swift */,
				E2B7EDBA27BE4D6C00A83EA0 /* ExtensionAudioEngine */,
			);
			path = ViewControllers;
			sourceTree = "<group>";
		};
		E2F61F6227B7FA20006D6A7A /* Services */ = {
			isa = PBXGroup;
			children = (
				E24A8A2727AAAD66008B297E /* Info.plist */,
				E24A8A1B27AAAD64008B297E /* SceneDelegate.swift */,
				E24A8A1927AAAD64008B297E /* AppDelegate.swift */,
			);
			path = Services;
			sourceTree = "<group>";
		};
		E2F61F6327B7FADD006D6A7A /* Model */ = {
			isa = PBXGroup;
			children = (
				E252CDD927BAAE7700318B20 /* Setting.swift */,
				E2F61F6427B7FB0D006D6A7A /* Songs.swift */,
				E2B7EDBF27BFFA5F00A83EA0 /* DataSongs.swift */,
				E21D41E727BCE7F700161C7C /* SlidersEffect.swift */,
				E2F61F6A27B926CD006D6A7A /* ButtonsPlayer.swift */,
				E2B7EDBD27BFF8A700A83EA0 /* ButtonsEffect.swift */,
				E2B7EDC127C0131B00A83EA0 /* ButtonsEditor.swift */,
			);
			path = Model;
			sourceTree = "<group>";
		};
		E2F61F6C27B9862F006D6A7A /* View */ = {
			isa = PBXGroup;
			children = (
				E2F61F6827B923C7006D6A7A /* ButtonPlayerView.swift */,
				E252CDDB27BAB16900318B20 /* ButtonEffectView.swift */,
				E2F61F6D27B98675006D6A7A /* SliderEffectView.swift */,
				E2B7EDC327C014E800A83EA0 /* ButtonEditorView.swift */,
				E2492B4127C3A40C00A27C84 /* NodeTableViewCell.swift */,
			);
			path = View;
			sourceTree = "<group>";
		};
/* End PBXGroup section */

/* Begin PBXNativeTarget section */
		E24A8A1527AAAD64008B297E /* AudioEngine */ = {
			isa = PBXNativeTarget;
			buildConfigurationList = E24A8A2A27AAAD66008B297E /* Build configuration list for PBXNativeTarget "AudioEngine" */;
			buildPhases = (
				E24A8A1227AAAD64008B297E /* Sources */,
				E24A8A1327AAAD64008B297E /* Frameworks */,
				E24A8A1427AAAD64008B297E /* Resources */,
			);
			buildRules = (
			);
			dependencies = (
			);
			name = AudioEngine;
			productName = AudioEngine;
			productReference = E24A8A1627AAAD64008B297E /* AudioEngine.app */;
			productType = "com.apple.product-type.application";
		};
/* End PBXNativeTarget section */

/* Begin PBXProject section */
		E24A8A0E27AAAD64008B297E /* Project object */ = {
			isa = PBXProject;
			attributes = {
				BuildIndependentTargetsInParallel = 1;
				LastSwiftUpdateCheck = 1320;
				LastUpgradeCheck = 1320;
				TargetAttributes = {
					E24A8A1527AAAD64008B297E = {
						CreatedOnToolsVersion = 13.2.1;
					};
				};
			};
			buildConfigurationList = E24A8A1127AAAD64008B297E /* Build configuration list for PBXProject "AudioEngine" */;
			compatibilityVersion = "Xcode 13.0";
			developmentRegion = en;
			hasScannedForEncodings = 0;
			knownRegions = (
				en,
				Base,
			);
			mainGroup = E24A8A0D27AAAD64008B297E;
			productRefGroup = E24A8A1727AAAD64008B297E /* Products */;
			projectDirPath = "";
			projectRoot = "";
			targets = (
				E24A8A1527AAAD64008B297E /* AudioEngine */,
			);
		};
/* End PBXProject section */

/* Begin PBXResourcesBuildPhase section */
		E24A8A1427AAAD64008B297E /* Resources */ = {
			isa = PBXResourcesBuildPhase;
			buildActionMask = 2147483647;
			files = (
				E2F61F5E27B7F99E006D6A7A /* 01 The St. Louis Blues.m4a in Resources */,
				E2B7EDB927BE4CD600A83EA0 /* otbivka.mp3 in Resources */,
				E24A8A2627AAAD66008B297E /* LaunchScreen.storyboard in Resources */,
				E24A8A2327AAAD66008B297E /* Assets.xcassets in Resources */,
				E24A8A2127AAAD64008B297E /* Main.storyboard in Resources */,
				E24A8A3027AABB35008B297E /* Scott Buckley - Life In Silico.mp3 in Resources */,
			);
			runOnlyForDeploymentPostprocessing = 0;
		};
/* End PBXResourcesBuildPhase section */

/* Begin PBXSourcesBuildPhase section */
		E24A8A1227AAAD64008B297E /* Sources */ = {
			isa = PBXSourcesBuildPhase;
			buildActionMask = 2147483647;
			files = (
				E21D41E827BCE7F700161C7C /* SlidersEffect.swift in Sources */,
				E2F61F6B27B926CD006D6A7A /* ButtonsPlayer.swift in Sources */,
				E25F839027C4EB7F00E95ACB /* AENodeTableViewCellDelegate.swift in Sources */,
				E2492B4227C3A40C00A27C84 /* NodeTableViewCell.swift in Sources */,
				E2B7EDBC27BE4DAE00A83EA0 /* AESetupView.swift in Sources */,
				E24A8A1A27AAAD64008B297E /* AppDelegate.swift in Sources */,
				E2B7EDC427C014E800A83EA0 /* ButtonEditorView.swift in Sources */,
				E24A8A2E27AAAFA8008B297E /* AudioEngineViewController.swift in Sources */,
				E25F838E27C4EB3300E95ACB /* AETableViewDataSource.swift in Sources */,
				E2492B3E27C3A17000A27C84 /* AESetupEngine.swift in Sources */,
				E2B7EDC027BFFA5F00A83EA0 /* DataSongs.swift in Sources */,
				E252CDDC27BAB16900318B20 /* ButtonEffectView.swift in Sources */,
				E2B7EDBE27BFF8A700A83EA0 /* ButtonsEffect.swift in Sources */,
				E24A8A1C27AAAD64008B297E /* SceneDelegate.swift in Sources */,
				E2F61F6E27B98675006D6A7A /* SliderEffectView.swift in Sources */,
				E2B7EDC227C0131B00A83EA0 /* ButtonsEditor.swift in Sources */,
				E2F61F6527B7FB0D006D6A7A /* Songs.swift in Sources */,
				E2F61F6927B923C7006D6A7A /* ButtonPlayerView.swift in Sources */,
				E2492B3C27C3A0AD00A27C84 /* AEManagerButtonsSliders.swift in Sources */,
				E252CDDA27BAAE7700318B20 /* Setting.swift in Sources */,
			);
			runOnlyForDeploymentPostprocessing = 0;
		};
/* End PBXSourcesBuildPhase section */

/* Begin PBXVariantGroup section */
		E24A8A1F27AAAD64008B297E /* Main.storyboard */ = {
			isa = PBXVariantGroup;
			children = (
				E24A8A2027AAAD64008B297E /* Base */,
			);
			name = Main.storyboard;
			sourceTree = "<group>";
		};
		E24A8A2427AAAD66008B297E /* LaunchScreen.storyboard */ = {
			isa = PBXVariantGroup;
			children = (
				E24A8A2527AAAD66008B297E /* Base */,
			);
			name = LaunchScreen.storyboard;
			sourceTree = "<group>";
		};
/* End PBXVariantGroup section */

/* Begin XCBuildConfiguration section */
		E24A8A2827AAAD66008B297E /* Debug */ = {
			isa = XCBuildConfiguration;
			buildSettings = {
				ALWAYS_SEARCH_USER_PATHS = NO;
				CLANG_ANALYZER_NONNULL = YES;
				CLANG_ANALYZER_NUMBER_OBJECT_CONVERSION = YES_AGGRESSIVE;
				CLANG_CXX_LANGUAGE_STANDARD = "gnu++17";
				CLANG_CXX_LIBRARY = "libc++";
				CLANG_ENABLE_MODULES = YES;
				CLANG_ENABLE_OBJC_ARC = YES;
				CLANG_ENABLE_OBJC_WEAK = YES;
				CLANG_WARN_BLOCK_CAPTURE_AUTORELEASING = YES;
				CLANG_WARN_BOOL_CONVERSION = YES;
				CLANG_WARN_COMMA = YES;
				CLANG_WARN_CONSTANT_CONVERSION = YES;
				CLANG_WARN_DEPRECATED_OBJC_IMPLEMENTATIONS = YES;
				CLANG_WARN_DIRECT_OBJC_ISA_USAGE = YES_ERROR;
				CLANG_WARN_DOCUMENTATION_COMMENTS = YES;
				CLANG_WARN_EMPTY_BODY = YES;
				CLANG_WARN_ENUM_CONVERSION = YES;
				CLANG_WARN_INFINITE_RECURSION = YES;
				CLANG_WARN_INT_CONVERSION = YES;
				CLANG_WARN_NON_LITERAL_NULL_CONVERSION = YES;
				CLANG_WARN_OBJC_IMPLICIT_RETAIN_SELF = YES;
				CLANG_WARN_OBJC_LITERAL_CONVERSION = YES;
				CLANG_WARN_OBJC_ROOT_CLASS = YES_ERROR;
				CLANG_WARN_QUOTED_INCLUDE_IN_FRAMEWORK_HEADER = YES;
				CLANG_WARN_RANGE_LOOP_ANALYSIS = YES;
				CLANG_WARN_STRICT_PROTOTYPES = YES;
				CLANG_WARN_SUSPICIOUS_MOVE = YES;
				CLANG_WARN_UNGUARDED_AVAILABILITY = YES_AGGRESSIVE;
				CLANG_WARN_UNREACHABLE_CODE = YES;
				CLANG_WARN__DUPLICATE_METHOD_MATCH = YES;
				COPY_PHASE_STRIP = NO;
				DEBUG_INFORMATION_FORMAT = dwarf;
				ENABLE_STRICT_OBJC_MSGSEND = YES;
				ENABLE_TESTABILITY = YES;
				GCC_C_LANGUAGE_STANDARD = gnu11;
				GCC_DYNAMIC_NO_PIC = NO;
				GCC_NO_COMMON_BLOCKS = YES;
				GCC_OPTIMIZATION_LEVEL = 0;
				GCC_PREPROCESSOR_DEFINITIONS = (
					"DEBUG=1",
					"$(inherited)",
				);
				GCC_WARN_64_TO_32_BIT_CONVERSION = YES;
				GCC_WARN_ABOUT_RETURN_TYPE = YES_ERROR;
				GCC_WARN_UNDECLARED_SELECTOR = YES;
				GCC_WARN_UNINITIALIZED_AUTOS = YES_AGGRESSIVE;
				GCC_WARN_UNUSED_FUNCTION = YES;
				GCC_WARN_UNUSED_VARIABLE = YES;
				IPHONEOS_DEPLOYMENT_TARGET = 15.2;
				MTL_ENABLE_DEBUG_INFO = INCLUDE_SOURCE;
				MTL_FAST_MATH = YES;
				ONLY_ACTIVE_ARCH = YES;
				SDKROOT = iphoneos;
				SWIFT_ACTIVE_COMPILATION_CONDITIONS = DEBUG;
				SWIFT_OPTIMIZATION_LEVEL = "-Onone";
			};
			name = Debug;
		};
		E24A8A2927AAAD66008B297E /* Release */ = {
			isa = XCBuildConfiguration;
			buildSettings = {
				ALWAYS_SEARCH_USER_PATHS = NO;
				CLANG_ANALYZER_NONNULL = YES;
				CLANG_ANALYZER_NUMBER_OBJECT_CONVERSION = YES_AGGRESSIVE;
				CLANG_CXX_LANGUAGE_STANDARD = "gnu++17";
				CLANG_CXX_LIBRARY = "libc++";
				CLANG_ENABLE_MODULES = YES;
				CLANG_ENABLE_OBJC_ARC = YES;
				CLANG_ENABLE_OBJC_WEAK = YES;
				CLANG_WARN_BLOCK_CAPTURE_AUTORELEASING = YES;
				CLANG_WARN_BOOL_CONVERSION = YES;
				CLANG_WARN_COMMA = YES;
				CLANG_WARN_CONSTANT_CONVERSION = YES;
				CLANG_WARN_DEPRECATED_OBJC_IMPLEMENTATIONS = YES;
				CLANG_WARN_DIRECT_OBJC_ISA_USAGE = YES_ERROR;
				CLANG_WARN_DOCUMENTATION_COMMENTS = YES;
				CLANG_WARN_EMPTY_BODY = YES;
				CLANG_WARN_ENUM_CONVERSION = YES;
				CLANG_WARN_INFINITE_RECURSION = YES;
				CLANG_WARN_INT_CONVERSION = YES;
				CLANG_WARN_NON_LITERAL_NULL_CONVERSION = YES;
				CLANG_WARN_OBJC_IMPLICIT_RETAIN_SELF = YES;
				CLANG_WARN_OBJC_LITERAL_CONVERSION = YES;
				CLANG_WARN_OBJC_ROOT_CLASS = YES_ERROR;
				CLANG_WARN_QUOTED_INCLUDE_IN_FRAMEWORK_HEADER = YES;
				CLANG_WARN_RANGE_LOOP_ANALYSIS = YES;
				CLANG_WARN_STRICT_PROTOTYPES = YES;
				CLANG_WARN_SUSPICIOUS_MOVE = YES;
				CLANG_WARN_UNGUARDED_AVAILABILITY = YES_AGGRESSIVE;
				CLANG_WARN_UNREACHABLE_CODE = YES;
				CLANG_WARN__DUPLICATE_METHOD_MATCH = YES;
				COPY_PHASE_STRIP = NO;
				DEBUG_INFORMATION_FORMAT = "dwarf-with-dsym";
				ENABLE_NS_ASSERTIONS = NO;
				ENABLE_STRICT_OBJC_MSGSEND = YES;
				GCC_C_LANGUAGE_STANDARD = gnu11;
				GCC_NO_COMMON_BLOCKS = YES;
				GCC_WARN_64_TO_32_BIT_CONVERSION = YES;
				GCC_WARN_ABOUT_RETURN_TYPE = YES_ERROR;
				GCC_WARN_UNDECLARED_SELECTOR = YES;
				GCC_WARN_UNINITIALIZED_AUTOS = YES_AGGRESSIVE;
				GCC_WARN_UNUSED_FUNCTION = YES;
				GCC_WARN_UNUSED_VARIABLE = YES;
				IPHONEOS_DEPLOYMENT_TARGET = 15.2;
				MTL_ENABLE_DEBUG_INFO = NO;
				MTL_FAST_MATH = YES;
				SDKROOT = iphoneos;
				SWIFT_COMPILATION_MODE = wholemodule;
				SWIFT_OPTIMIZATION_LEVEL = "-O";
				VALIDATE_PRODUCT = YES;
			};
			name = Release;
		};
		E24A8A2B27AAAD66008B297E /* Debug */ = {
			isa = XCBuildConfiguration;
			buildSettings = {
				ASSETCATALOG_COMPILER_APPICON_NAME = AppIcon;
				ASSETCATALOG_COMPILER_GLOBAL_ACCENT_COLOR_NAME = AccentColor;
				CODE_SIGN_STYLE = Automatic;
				CURRENT_PROJECT_VERSION = 1;
				DEVELOPMENT_TEAM = QD5349NP78;
				GENERATE_INFOPLIST_FILE = YES;
				INFOPLIST_FILE = AudioEngine/Services/Info.plist;
				INFOPLIST_KEY_UIApplicationSupportsIndirectInputEvents = YES;
				INFOPLIST_KEY_UILaunchStoryboardName = LaunchScreen;
				INFOPLIST_KEY_UIMainStoryboardFile = Main;
				INFOPLIST_KEY_UISupportedInterfaceOrientations_iPad = "UIInterfaceOrientationPortrait UIInterfaceOrientationPortraitUpsideDown UIInterfaceOrientationLandscapeLeft UIInterfaceOrientationLandscapeRight";
				INFOPLIST_KEY_UISupportedInterfaceOrientations_iPhone = "UIInterfaceOrientationPortrait UIInterfaceOrientationLandscapeLeft UIInterfaceOrientationLandscapeRight";
				LD_RUNPATH_SEARCH_PATHS = (
					"$(inherited)",
					"@executable_path/Frameworks",
				);
				MARKETING_VERSION = 1.0;
				PRODUCT_BUNDLE_IDENTIFIER = Panin.AudioEngine;
				PRODUCT_NAME = "$(TARGET_NAME)";
				SWIFT_EMIT_LOC_STRINGS = YES;
				SWIFT_VERSION = 5.0;
				TARGETED_DEVICE_FAMILY = "1,2";
			};
			name = Debug;
		};
		E24A8A2C27AAAD66008B297E /* Release */ = {
			isa = XCBuildConfiguration;
			buildSettings = {
				ASSETCATALOG_COMPILER_APPICON_NAME = AppIcon;
				ASSETCATALOG_COMPILER_GLOBAL_ACCENT_COLOR_NAME = AccentColor;
				CODE_SIGN_STYLE = Automatic;
				CURRENT_PROJECT_VERSION = 1;
				DEVELOPMENT_TEAM = QD5349NP78;
				GENERATE_INFOPLIST_FILE = YES;
				INFOPLIST_FILE = AudioEngine/Services/Info.plist;
				INFOPLIST_KEY_UIApplicationSupportsIndirectInputEvents = YES;
				INFOPLIST_KEY_UILaunchStoryboardName = LaunchScreen;
				INFOPLIST_KEY_UIMainStoryboardFile = Main;
				INFOPLIST_KEY_UISupportedInterfaceOrientations_iPad = "UIInterfaceOrientationPortrait UIInterfaceOrientationPortraitUpsideDown UIInterfaceOrientationLandscapeLeft UIInterfaceOrientationLandscapeRight";
				INFOPLIST_KEY_UISupportedInterfaceOrientations_iPhone = "UIInterfaceOrientationPortrait UIInterfaceOrientationLandscapeLeft UIInterfaceOrientationLandscapeRight";
				LD_RUNPATH_SEARCH_PATHS = (
					"$(inherited)",
					"@executable_path/Frameworks",
				);
				MARKETING_VERSION = 1.0;
				PRODUCT_BUNDLE_IDENTIFIER = Panin.AudioEngine;
				PRODUCT_NAME = "$(TARGET_NAME)";
				SWIFT_EMIT_LOC_STRINGS = YES;
				SWIFT_VERSION = 5.0;
				TARGETED_DEVICE_FAMILY = "1,2";
			};
			name = Release;
		};
/* End XCBuildConfiguration section */

/* Begin XCConfigurationList section */
		E24A8A1127AAAD64008B297E /* Build configuration list for PBXProject "AudioEngine" */ = {
			isa = XCConfigurationList;
			buildConfigurations = (
				E24A8A2827AAAD66008B297E /* Debug */,
				E24A8A2927AAAD66008B297E /* Release */,
			);
			defaultConfigurationIsVisible = 0;
			defaultConfigurationName = Release;
		};
		E24A8A2A27AAAD66008B297E /* Build configuration list for PBXNativeTarget "AudioEngine" */ = {
			isa = XCConfigurationList;
			buildConfigurations = (
				E24A8A2B27AAAD66008B297E /* Debug */,
				E24A8A2C27AAAD66008B297E /* Release */,
			);
			defaultConfigurationIsVisible = 0;
			defaultConfigurationName = Release;
		};
/* End XCConfigurationList section */
	};
	rootObject = E24A8A0E27AAAD64008B297E /* Project object */;
}
